
Microsoft Visual Studio Solution File, Format Version 12.00
# Visual Studio 15
VisualStudioVersion = 15.0.28307.329
MinimumVisualStudioVersion = 10.0.40219.1
Project("{FAE04EC0-301F-11D3-BF4B-00C04F79EFBC}") = "TPL1", "TPL1\TPL1.csproj", "{516EA125-2BA2-4B53-8CB6-2CD8158EB5C0}"
EndProject
Project("{FAE04EC0-301F-11D3-BF4B-00C04F79EFBC}") = "MultiplyMatrices", "..\MultiplyMatrices\MultiplyMatrices.csproj", "{4B68F186-3264-4AA0-903A-83CA9160A15E}"
EndProject
Project("{FAE04EC0-301F-11D3-BF4B-00C04F79EFBC}") = "TPLLocalVariable", "..\TPLLocalVariable\TPLLocalVariable.csproj", "{8DBAB997-53A2-41F1-AFF3-769C09F26FB9}"
EndProject
Project("{FAE04EC0-301F-11D3-BF4B-00C04F79EFBC}") = "ParallelOptionsCancel", "ParallelOptions\ParallelOptionsCancel.csproj", "{DA9940A9-9FC4-4A58-8CA7-3126B7011E98}"
EndProject
Project("{FAE04EC0-301F-11D3-BF4B-00C04F79EFBC}") = "dynamicPartitions", "dynamicPartitions\dynamicPartitions.csproj", "{5DCDC13B-8817-4337-83C6-46F7D96B8351}"
EndProject
Project("{FAE04EC0-301F-11D3-BF4B-00C04F79EFBC}") = "ExtensionMethod", "ExtensionMethod\ExtensionMethod.csproj", "{72C859D2-D7DC-454B-9F3B-A884D347A8C5}"
EndProject
Project("{FAE04EC0-301F-11D3-BF4B-00C04F79EFBC}") = "ArrayTest", "ArrayTest\ArrayTest.csproj", "{F9399C1E-3FDE-4481-82D8-E0C4594EA31C}"
EndProject
Project("{FAE04EC0-301F-11D3-BF4B-00C04F79EFBC}") = "TPLLocalVariable2", "TPLLocalVariable2\TPLLocalVariable2.csproj", "{84A45483-018F-47CD-A21E-5B085A48D040}"
EndProject
Project("{FAE04EC0-301F-11D3-BF4B-00C04F79EFBC}") = "TPLException", "TPLException\TPLException.csproj", "{18060739-54E8-48C9-9023-6798E6002A2D}"
EndProject
Project("{FAE04EC0-301F-11D3-BF4B-00C04F79EFBC}") = "ConcurrentQueue1", "ConcurrentQueue1\ConcurrentQueue1.csproj", "{DA6D555D-C2C2-4859-95FA-48A248742C3F}"
EndProject
Project("{FAE04EC0-301F-11D3-BF4B-00C04F79EFBC}") = "LonelyInteger", "LonelyInteger\LonelyInteger.csproj", "{450DF715-3265-4C91-BB36-CFB906ED7F00}"
EndProject
Project("{FAE04EC0-301F-11D3-BF4B-00C04F79EFBC}") = "midNode", "midMode\midNode.csproj", "{53D38785-B34E-4341-B41F-C17781754BBF}"
EndProject
Project("{FAE04EC0-301F-11D3-BF4B-00C04F79EFBC}") = "isPalindrome", "isPalindrome\isPalindrome.csproj", "{40C36954-436C-4D71-A016-291685DC85CA}"
EndProject
Project("{FAE04EC0-301F-11D3-BF4B-00C04F79EFBC}") = "MergeTwoList", "MergeTowList\MergeTwoList.csproj", "{3875BEE9-2373-47AD-A3F7-DAAC478FFEF7}"
EndProject
Project("{FAE04EC0-301F-11D3-BF4B-00C04F79EFBC}") = "ReverseString", "ReverseString\ReverseString.csproj", "{47110E38-C3D6-47B8-8912-347DB73ACEB8}"
EndProject
Project("{FAE04EC0-301F-11D3-BF4B-00C04F79EFBC}") = "BinarySearch", "BinarySearch\BinarySearch.csproj", "{B43885F3-DBEF-47D5-A993-DF5CC4F4DDA6}"
EndProject
Project("{FAE04EC0-301F-11D3-BF4B-00C04F79EFBC}") = "TreeSum", "TreeSum\TreeSum.csproj", "{51510F7E-F076-4F50-A811-EB85F56202E3}"
EndProject
Project("{FAE04EC0-301F-11D3-BF4B-00C04F79EFBC}") = "BalancedBrackets", "BalancedBrackets\BalancedBrackets.csproj", "{32EE3A72-AC75-4947-9519-5375A854B708}"
EndProject
Project("{FAE04EC0-301F-11D3-BF4B-00C04F79EFBC}") = "reverseDLinkList", "reverseDLinkList\reverseDLinkList.csproj", "{F2A92A9B-002A-4491-B064-FFA00724695F}"
EndProject
Project("{FAE04EC0-301F-11D3-BF4B-00C04F79EFBC}") = "LinkListMergePoint", "LinkListMergePoint\LinkListMergePoint.csproj", "{B17B5655-F5A5-4E24-B075-7465D9710592}"
EndProject
Project("{FAE04EC0-301F-11D3-BF4B-00C04F79EFBC}") = "LevelOrderTreeTraversal", "LevelOrderTreeTraversal\LevelOrderTreeTraversal.csproj", "{2C9BC8D9-5BF9-4520-A683-6313F7165BF5}"
EndProject
Project("{FAE04EC0-301F-11D3-BF4B-00C04F79EFBC}") = "biggestNumbers", "biggestNumbers\biggestNumbers.csproj", "{E1BBCA7D-7CD1-4417-83ED-AE49C571402E}"
EndProject
Project("{FAE04EC0-301F-11D3-BF4B-00C04F79EFBC}") = "RunLengthEncoding", "RunLengthEncoding\RunLengthEncoding.csproj", "{C4850D42-0900-47DE-99A5-A2C45FC8B44F}"
EndProject
Project("{9A19103F-16F7-4668-BE54-9A1E7A4F7556}") = "Reflection", "Reflection\Reflection.csproj", "{7AB3092E-E44D-441A-B380-A4640BA42115}"
EndProject
Project("{9A19103F-16F7-4668-BE54-9A1E7A4F7556}") = "Subsequences", "Subsequences\Subsequences.csproj", "{DB3C4D6C-62B8-4512-AA36-0409C8D8185B}"
EndProject
Project("{9A19103F-16F7-4668-BE54-9A1E7A4F7556}") = "BinarySearchTree", "BinarySearchTree\BinarySearchTree.csproj", "{DDD1FC83-A868-496F-A4AB-B3FF3B0FE3D4}"
EndProject
Project("{9A19103F-16F7-4668-BE54-9A1E7A4F7556}") = "Knapsack", "examExodus\Knapsack.csproj", "{CED5D67D-AEF3-400C-9A61-9BFD347543D3}"
EndProject
Project("{9A19103F-16F7-4668-BE54-9A1E7A4F7556}") = "knapSack-hackerank", "test1\knapSack-hackerank.csproj", "{28AE6BF6-2CBD-4A90-9893-50AE4DC3C5ED}"
EndProject
Project("{9A19103F-16F7-4668-BE54-9A1E7A4F7556}") = "GraphDFS", "DFS_Graph\GraphDFS.csproj", "{77E5171A-C475-444C-AFDB-AB8D6C098E6B}"
EndProject
Project("{9A19103F-16F7-4668-BE54-9A1E7A4F7556}") = "Graph_DFS1", "DFS1\Graph_DFS1.csproj", "{A15C4461-E5DC-4BBE-BB64-CF88F33C872C}"
EndProject
Project("{9A19103F-16F7-4668-BE54-9A1E7A4F7556}") = "Graph_BFS", "Graph_BFS\Graph_BFS.csproj", "{7A893349-33A3-432D-A6D5-A31EBA08FD55}"
EndProject
Project("{9A19103F-16F7-4668-BE54-9A1E7A4F7556}") = "ParseIntFromString", "ParseIntFromString\ParseIntFromString.csproj", "{9B97F963-D0EB-465E-BFFA-EEC253640088}"
EndProject
Project("{9A19103F-16F7-4668-BE54-9A1E7A4F7556}") = "Point72", "Millinium\Point72.csproj", "{1CCC6736-C6FB-45C8-8C83-089450472D29}"
EndProject
Project("{FAE04EC0-301F-11D3-BF4B-00C04F79EFBC}") = "hackerCards", "ConsoleApp1\hackerCards.csproj", "{F5C50081-4BCB-44A0-94EA-58843C07AB5C}"
EndProject
Project("{FAE04EC0-301F-11D3-BF4B-00C04F79EFBC}") = "Amazon_numOfIsland_DFS", "Amazon\Amazon_numOfIsland_DFS.csproj", "{AB3EB366-FDC0-41CB-91AC-A36EFEC826A0}"
EndProject
Project("{FAE04EC0-301F-11D3-BF4B-00C04F79EFBC}") = "Amazon_subSequence", "DFS_cluster_count\Amazon_subSequence.csproj", "{2F346B32-FEE5-4C0E-8B18-46BDB0C49774}"
EndProject
Project("{FAE04EC0-301F-11D3-BF4B-00C04F79EFBC}") = "HttpClientTest", "HttpClientTest\HttpClientTest.csproj", "{A66A592E-F55C-46E8-840C-F10DB1ECB3F2}"
EndProject
Global
	GlobalSection(SolutionConfigurationPlatforms) = preSolution
		Debug|Any CPU = Debug|Any CPU
		Release|Any CPU = Release|Any CPU
	EndGlobalSection
	GlobalSection(ProjectConfigurationPlatforms) = postSolution
		{516EA125-2BA2-4B53-8CB6-2CD8158EB5C0}.Debug|Any CPU.ActiveCfg = Debug|Any CPU
		{516EA125-2BA2-4B53-8CB6-2CD8158EB5C0}.Debug|Any CPU.Build.0 = Debug|Any CPU
		{516EA125-2BA2-4B53-8CB6-2CD8158EB5C0}.Release|Any CPU.ActiveCfg = Release|Any CPU
		{516EA125-2BA2-4B53-8CB6-2CD8158EB5C0}.Release|Any CPU.Build.0 = Release|Any CPU
		{4B68F186-3264-4AA0-903A-83CA9160A15E}.Debug|Any CPU.ActiveCfg = Debug|Any CPU
		{4B68F186-3264-4AA0-903A-83CA9160A15E}.Debug|Any CPU.Build.0 = Debug|Any CPU
		{4B68F186-3264-4AA0-903A-83CA9160A15E}.Release|Any CPU.ActiveCfg = Release|Any CPU
		{4B68F186-3264-4AA0-903A-83CA9160A15E}.Release|Any CPU.Build.0 = Release|Any CPU
		{8DBAB997-53A2-41F1-AFF3-769C09F26FB9}.Debug|Any CPU.ActiveCfg = Debug|Any CPU
		{8DBAB997-53A2-41F1-AFF3-769C09F26FB9}.Debug|Any CPU.Build.0 = Debug|Any CPU
		{8DBAB997-53A2-41F1-AFF3-769C09F26FB9}.Release|Any CPU.ActiveCfg = Release|Any CPU
		{8DBAB997-53A2-41F1-AFF3-769C09F26FB9}.Release|Any CPU.Build.0 = Release|Any CPU
		{DA9940A9-9FC4-4A58-8CA7-3126B7011E98}.Debug|Any CPU.ActiveCfg = Debug|Any CPU
		{DA9940A9-9FC4-4A58-8CA7-3126B7011E98}.Debug|Any CPU.Build.0 = Debug|Any CPU
		{DA9940A9-9FC4-4A58-8CA7-3126B7011E98}.Release|Any CPU.ActiveCfg = Release|Any CPU
		{DA9940A9-9FC4-4A58-8CA7-3126B7011E98}.Release|Any CPU.Build.0 = Release|Any CPU
		{5DCDC13B-8817-4337-83C6-46F7D96B8351}.Debug|Any CPU.ActiveCfg = Debug|Any CPU
		{5DCDC13B-8817-4337-83C6-46F7D96B8351}.Debug|Any CPU.Build.0 = Debug|Any CPU
		{5DCDC13B-8817-4337-83C6-46F7D96B8351}.Release|Any CPU.ActiveCfg = Release|Any CPU
		{5DCDC13B-8817-4337-83C6-46F7D96B8351}.Release|Any CPU.Build.0 = Release|Any CPU
		{72C859D2-D7DC-454B-9F3B-A884D347A8C5}.Debug|Any CPU.ActiveCfg = Debug|Any CPU
		{72C859D2-D7DC-454B-9F3B-A884D347A8C5}.Debug|Any CPU.Build.0 = Debug|Any CPU
		{72C859D2-D7DC-454B-9F3B-A884D347A8C5}.Release|Any CPU.ActiveCfg = Release|Any CPU
		{72C859D2-D7DC-454B-9F3B-A884D347A8C5}.Release|Any CPU.Build.0 = Release|Any CPU
		{F9399C1E-3FDE-4481-82D8-E0C4594EA31C}.Debug|Any CPU.ActiveCfg = Debug|Any CPU
		{F9399C1E-3FDE-4481-82D8-E0C4594EA31C}.Debug|Any CPU.Build.0 = Debug|Any CPU
		{F9399C1E-3FDE-4481-82D8-E0C4594EA31C}.Release|Any CPU.ActiveCfg = Release|Any CPU
		{F9399C1E-3FDE-4481-82D8-E0C4594EA31C}.Release|Any CPU.Build.0 = Release|Any CPU
		{84A45483-018F-47CD-A21E-5B085A48D040}.Debug|Any CPU.ActiveCfg = Debug|Any CPU
		{84A45483-018F-47CD-A21E-5B085A48D040}.Debug|Any CPU.Build.0 = Debug|Any CPU
		{84A45483-018F-47CD-A21E-5B085A48D040}.Release|Any CPU.ActiveCfg = Release|Any CPU
		{84A45483-018F-47CD-A21E-5B085A48D040}.Release|Any CPU.Build.0 = Release|Any CPU
		{18060739-54E8-48C9-9023-6798E6002A2D}.Debug|Any CPU.ActiveCfg = Debug|Any CPU
		{18060739-54E8-48C9-9023-6798E6002A2D}.Debug|Any CPU.Build.0 = Debug|Any CPU
		{18060739-54E8-48C9-9023-6798E6002A2D}.Release|Any CPU.ActiveCfg = Release|Any CPU
		{18060739-54E8-48C9-9023-6798E6002A2D}.Release|Any CPU.Build.0 = Release|Any CPU
		{DA6D555D-C2C2-4859-95FA-48A248742C3F}.Debug|Any CPU.ActiveCfg = Debug|Any CPU
		{DA6D555D-C2C2-4859-95FA-48A248742C3F}.Debug|Any CPU.Build.0 = Debug|Any CPU
		{DA6D555D-C2C2-4859-95FA-48A248742C3F}.Release|Any CPU.ActiveCfg = Release|Any CPU
		{DA6D555D-C2C2-4859-95FA-48A248742C3F}.Release|Any CPU.Build.0 = Release|Any CPU
		{450DF715-3265-4C91-BB36-CFB906ED7F00}.Debug|Any CPU.ActiveCfg = Debug|Any CPU
		{450DF715-3265-4C91-BB36-CFB906ED7F00}.Debug|Any CPU.Build.0 = Debug|Any CPU
		{450DF715-3265-4C91-BB36-CFB906ED7F00}.Release|Any CPU.ActiveCfg = Release|Any CPU
		{450DF715-3265-4C91-BB36-CFB906ED7F00}.Release|Any CPU.Build.0 = Release|Any CPU
		{53D38785-B34E-4341-B41F-C17781754BBF}.Debug|Any CPU.ActiveCfg = Debug|Any CPU
		{53D38785-B34E-4341-B41F-C17781754BBF}.Debug|Any CPU.Build.0 = Debug|Any CPU
		{53D38785-B34E-4341-B41F-C17781754BBF}.Release|Any CPU.ActiveCfg = Release|Any CPU
		{53D38785-B34E-4341-B41F-C17781754BBF}.Release|Any CPU.Build.0 = Release|Any CPU
		{40C36954-436C-4D71-A016-291685DC85CA}.Debug|Any CPU.ActiveCfg = Debug|Any CPU
		{40C36954-436C-4D71-A016-291685DC85CA}.Debug|Any CPU.Build.0 = Debug|Any CPU
		{40C36954-436C-4D71-A016-291685DC85CA}.Release|Any CPU.ActiveCfg = Release|Any CPU
		{40C36954-436C-4D71-A016-291685DC85CA}.Release|Any CPU.Build.0 = Release|Any CPU
		{3875BEE9-2373-47AD-A3F7-DAAC478FFEF7}.Debug|Any CPU.ActiveCfg = Debug|Any CPU
		{3875BEE9-2373-47AD-A3F7-DAAC478FFEF7}.Debug|Any CPU.Build.0 = Debug|Any CPU
		{3875BEE9-2373-47AD-A3F7-DAAC478FFEF7}.Release|Any CPU.ActiveCfg = Release|Any CPU
		{3875BEE9-2373-47AD-A3F7-DAAC478FFEF7}.Release|Any CPU.Build.0 = Release|Any CPU
		{47110E38-C3D6-47B8-8912-347DB73ACEB8}.Debug|Any CPU.ActiveCfg = Debug|Any CPU
		{47110E38-C3D6-47B8-8912-347DB73ACEB8}.Debug|Any CPU.Build.0 = Debug|Any CPU
		{47110E38-C3D6-47B8-8912-347DB73ACEB8}.Release|Any CPU.ActiveCfg = Release|Any CPU
		{47110E38-C3D6-47B8-8912-347DB73ACEB8}.Release|Any CPU.Build.0 = Release|Any CPU
		{B43885F3-DBEF-47D5-A993-DF5CC4F4DDA6}.Debug|Any CPU.ActiveCfg = Debug|Any CPU
		{B43885F3-DBEF-47D5-A993-DF5CC4F4DDA6}.Debug|Any CPU.Build.0 = Debug|Any CPU
		{B43885F3-DBEF-47D5-A993-DF5CC4F4DDA6}.Release|Any CPU.ActiveCfg = Release|Any CPU
		{B43885F3-DBEF-47D5-A993-DF5CC4F4DDA6}.Release|Any CPU.Build.0 = Release|Any CPU
		{51510F7E-F076-4F50-A811-EB85F56202E3}.Debug|Any CPU.ActiveCfg = Debug|Any CPU
		{51510F7E-F076-4F50-A811-EB85F56202E3}.Debug|Any CPU.Build.0 = Debug|Any CPU
		{51510F7E-F076-4F50-A811-EB85F56202E3}.Release|Any CPU.ActiveCfg = Release|Any CPU
		{51510F7E-F076-4F50-A811-EB85F56202E3}.Release|Any CPU.Build.0 = Release|Any CPU
		{32EE3A72-AC75-4947-9519-5375A854B708}.Debug|Any CPU.ActiveCfg = Debug|Any CPU
		{32EE3A72-AC75-4947-9519-5375A854B708}.Debug|Any CPU.Build.0 = Debug|Any CPU
		{32EE3A72-AC75-4947-9519-5375A854B708}.Release|Any CPU.ActiveCfg = Release|Any CPU
		{32EE3A72-AC75-4947-9519-5375A854B708}.Release|Any CPU.Build.0 = Release|Any CPU
		{F2A92A9B-002A-4491-B064-FFA00724695F}.Debug|Any CPU.ActiveCfg = Debug|Any CPU
		{F2A92A9B-002A-4491-B064-FFA00724695F}.Debug|Any CPU.Build.0 = Debug|Any CPU
		{F2A92A9B-002A-4491-B064-FFA00724695F}.Release|Any CPU.ActiveCfg = Release|Any CPU
		{F2A92A9B-002A-4491-B064-FFA00724695F}.Release|Any CPU.Build.0 = Release|Any CPU
		{B17B5655-F5A5-4E24-B075-7465D9710592}.Debug|Any CPU.ActiveCfg = Debug|Any CPU
		{B17B5655-F5A5-4E24-B075-7465D9710592}.Debug|Any CPU.Build.0 = Debug|Any CPU
		{B17B5655-F5A5-4E24-B075-7465D9710592}.Release|Any CPU.ActiveCfg = Release|Any CPU
		{B17B5655-F5A5-4E24-B075-7465D9710592}.Release|Any CPU.Build.0 = Release|Any CPU
		{2C9BC8D9-5BF9-4520-A683-6313F7165BF5}.Debug|Any CPU.ActiveCfg = Debug|Any CPU
		{2C9BC8D9-5BF9-4520-A683-6313F7165BF5}.Debug|Any CPU.Build.0 = Debug|Any CPU
		{2C9BC8D9-5BF9-4520-A683-6313F7165BF5}.Release|Any CPU.ActiveCfg = Release|Any CPU
		{2C9BC8D9-5BF9-4520-A683-6313F7165BF5}.Release|Any CPU.Build.0 = Release|Any CPU
		{E1BBCA7D-7CD1-4417-83ED-AE49C571402E}.Debug|Any CPU.ActiveCfg = Debug|Any CPU
		{E1BBCA7D-7CD1-4417-83ED-AE49C571402E}.Debug|Any CPU.Build.0 = Debug|Any CPU
		{E1BBCA7D-7CD1-4417-83ED-AE49C571402E}.Release|Any CPU.ActiveCfg = Release|Any CPU
		{E1BBCA7D-7CD1-4417-83ED-AE49C571402E}.Release|Any CPU.Build.0 = Release|Any CPU
		{C4850D42-0900-47DE-99A5-A2C45FC8B44F}.Debug|Any CPU.ActiveCfg = Debug|Any CPU
		{C4850D42-0900-47DE-99A5-A2C45FC8B44F}.Debug|Any CPU.Build.0 = Debug|Any CPU
		{C4850D42-0900-47DE-99A5-A2C45FC8B44F}.Release|Any CPU.ActiveCfg = Release|Any CPU
		{C4850D42-0900-47DE-99A5-A2C45FC8B44F}.Release|Any CPU.Build.0 = Release|Any CPU
		{7AB3092E-E44D-441A-B380-A4640BA42115}.Debug|Any CPU.ActiveCfg = Debug|Any CPU
		{7AB3092E-E44D-441A-B380-A4640BA42115}.Debug|Any CPU.Build.0 = Debug|Any CPU
		{7AB3092E-E44D-441A-B380-A4640BA42115}.Release|Any CPU.ActiveCfg = Release|Any CPU
		{7AB3092E-E44D-441A-B380-A4640BA42115}.Release|Any CPU.Build.0 = Release|Any CPU
		{DB3C4D6C-62B8-4512-AA36-0409C8D8185B}.Debug|Any CPU.ActiveCfg = Debug|Any CPU
		{DB3C4D6C-62B8-4512-AA36-0409C8D8185B}.Debug|Any CPU.Build.0 = Debug|Any CPU
		{DB3C4D6C-62B8-4512-AA36-0409C8D8185B}.Release|Any CPU.ActiveCfg = Release|Any CPU
		{DB3C4D6C-62B8-4512-AA36-0409C8D8185B}.Release|Any CPU.Build.0 = Release|Any CPU
		{DDD1FC83-A868-496F-A4AB-B3FF3B0FE3D4}.Debug|Any CPU.ActiveCfg = Debug|Any CPU
		{DDD1FC83-A868-496F-A4AB-B3FF3B0FE3D4}.Debug|Any CPU.Build.0 = Debug|Any CPU
		{DDD1FC83-A868-496F-A4AB-B3FF3B0FE3D4}.Release|Any CPU.ActiveCfg = Release|Any CPU
		{DDD1FC83-A868-496F-A4AB-B3FF3B0FE3D4}.Release|Any CPU.Build.0 = Release|Any CPU
		{CED5D67D-AEF3-400C-9A61-9BFD347543D3}.Debug|Any CPU.ActiveCfg = Debug|Any CPU
		{CED5D67D-AEF3-400C-9A61-9BFD347543D3}.Debug|Any CPU.Build.0 = Debug|Any CPU
		{CED5D67D-AEF3-400C-9A61-9BFD347543D3}.Release|Any CPU.ActiveCfg = Release|Any CPU
		{CED5D67D-AEF3-400C-9A61-9BFD347543D3}.Release|Any CPU.Build.0 = Release|Any CPU
		{28AE6BF6-2CBD-4A90-9893-50AE4DC3C5ED}.Debug|Any CPU.ActiveCfg = Debug|Any CPU
		{28AE6BF6-2CBD-4A90-9893-50AE4DC3C5ED}.Debug|Any CPU.Build.0 = Debug|Any CPU
		{28AE6BF6-2CBD-4A90-9893-50AE4DC3C5ED}.Release|Any CPU.ActiveCfg = Release|Any CPU
		{28AE6BF6-2CBD-4A90-9893-50AE4DC3C5ED}.Release|Any CPU.Build.0 = Release|Any CPU
		{77E5171A-C475-444C-AFDB-AB8D6C098E6B}.Debug|Any CPU.ActiveCfg = Debug|Any CPU
		{77E5171A-C475-444C-AFDB-AB8D6C098E6B}.Debug|Any CPU.Build.0 = Debug|Any CPU
		{77E5171A-C475-444C-AFDB-AB8D6C098E6B}.Release|Any CPU.ActiveCfg = Release|Any CPU
		{77E5171A-C475-444C-AFDB-AB8D6C098E6B}.Release|Any CPU.Build.0 = Release|Any CPU
		{A15C4461-E5DC-4BBE-BB64-CF88F33C872C}.Debug|Any CPU.ActiveCfg = Debug|Any CPU
		{A15C4461-E5DC-4BBE-BB64-CF88F33C872C}.Debug|Any CPU.Build.0 = Debug|Any CPU
		{A15C4461-E5DC-4BBE-BB64-CF88F33C872C}.Release|Any CPU.ActiveCfg = Release|Any CPU
		{A15C4461-E5DC-4BBE-BB64-CF88F33C872C}.Release|Any CPU.Build.0 = Release|Any CPU
		{7A893349-33A3-432D-A6D5-A31EBA08FD55}.Debug|Any CPU.ActiveCfg = Debug|Any CPU
		{7A893349-33A3-432D-A6D5-A31EBA08FD55}.Debug|Any CPU.Build.0 = Debug|Any CPU
		{7A893349-33A3-432D-A6D5-A31EBA08FD55}.Release|Any CPU.ActiveCfg = Release|Any CPU
		{7A893349-33A3-432D-A6D5-A31EBA08FD55}.Release|Any CPU.Build.0 = Release|Any CPU
		{9B97F963-D0EB-465E-BFFA-EEC253640088}.Debug|Any CPU.ActiveCfg = Debug|Any CPU
		{9B97F963-D0EB-465E-BFFA-EEC253640088}.Debug|Any CPU.Build.0 = Debug|Any CPU
		{9B97F963-D0EB-465E-BFFA-EEC253640088}.Release|Any CPU.ActiveCfg = Release|Any CPU
		{9B97F963-D0EB-465E-BFFA-EEC253640088}.Release|Any CPU.Build.0 = Release|Any CPU
		{1CCC6736-C6FB-45C8-8C83-089450472D29}.Debug|Any CPU.ActiveCfg = Debug|Any CPU
		{1CCC6736-C6FB-45C8-8C83-089450472D29}.Debug|Any CPU.Build.0 = Debug|Any CPU
		{1CCC6736-C6FB-45C8-8C83-089450472D29}.Release|Any CPU.ActiveCfg = Release|Any CPU
		{1CCC6736-C6FB-45C8-8C83-089450472D29}.Release|Any CPU.Build.0 = Release|Any CPU
		{F5C50081-4BCB-44A0-94EA-58843C07AB5C}.Debug|Any CPU.ActiveCfg = Debug|Any CPU
		{F5C50081-4BCB-44A0-94EA-58843C07AB5C}.Debug|Any CPU.Build.0 = Debug|Any CPU
		{F5C50081-4BCB-44A0-94EA-58843C07AB5C}.Release|Any CPU.ActiveCfg = Release|Any CPU
		{F5C50081-4BCB-44A0-94EA-58843C07AB5C}.Release|Any CPU.Build.0 = Release|Any CPU
		{AB3EB366-FDC0-41CB-91AC-A36EFEC826A0}.Debug|Any CPU.ActiveCfg = Debug|Any CPU
		{AB3EB366-FDC0-41CB-91AC-A36EFEC826A0}.Debug|Any CPU.Build.0 = Debug|Any CPU
		{AB3EB366-FDC0-41CB-91AC-A36EFEC826A0}.Release|Any CPU.ActiveCfg = Release|Any CPU
		{AB3EB366-FDC0-41CB-91AC-A36EFEC826A0}.Release|Any CPU.Build.0 = Release|Any CPU
		{2F346B32-FEE5-4C0E-8B18-46BDB0C49774}.Debug|Any CPU.ActiveCfg = Debug|Any CPU
		{2F346B32-FEE5-4C0E-8B18-46BDB0C49774}.Debug|Any CPU.Build.0 = Debug|Any CPU
		{2F346B32-FEE5-4C0E-8B18-46BDB0C49774}.Release|Any CPU.ActiveCfg = Release|Any CPU
		{2F346B32-FEE5-4C0E-8B18-46BDB0C49774}.Release|Any CPU.Build.0 = Release|Any CPU
		{A66A592E-F55C-46E8-840C-F10DB1ECB3F2}.Debug|Any CPU.ActiveCfg = Debug|Any CPU
		{A66A592E-F55C-46E8-840C-F10DB1ECB3F2}.Debug|Any CPU.Build.0 = Debug|Any CPU
		{A66A592E-F55C-46E8-840C-F10DB1ECB3F2}.Release|Any CPU.ActiveCfg = Release|Any CPU
		{A66A592E-F55C-46E8-840C-F10DB1ECB3F2}.Release|Any CPU.Build.0 = Release|Any CPU
	EndGlobalSection
	GlobalSection(SolutionProperties) = preSolution
		HideSolutionNode = FALSE
	EndGlobalSection
	GlobalSection(ExtensibilityGlobals) = postSolution
		SolutionGuid = {A24FF6AF-3B7F-4E28-A101-B39D3F4F3A5A}
	EndGlobalSection
EndGlobal
